
Microsoft Visual Studio Solution File, Format Version 12.00
# Visual Studio 15
VisualStudioVersion = 15.0.28307.572
MinimumVisualStudioVersion = 10.0.40219.1
Project("{FAE04EC0-301F-11D3-BF4B-00C04F79EFBC}") = "DataNoseScanner.Android", "DataNoseScanner\DataNoseScanner.Android\DataNoseScanner.Android.csproj", "{6B4C785C-192C-4139-9195-5436AFD7E925}"
EndProject
Project("{FAE04EC0-301F-11D3-BF4B-00C04F79EFBC}") = "DataNoseScanner.iOS", "DataNoseScanner\DataNoseScanner.iOS\DataNoseScanner.iOS.csproj", "{FC6A82B4-57EB-497B-AEF5-9A9C27F4FB75}"
EndProject
Project("{D954291E-2A0B-460D-934E-DC6B0785DB48}") = "DataNoseScanner", "DataNoseScanner\DataNoseScanner\DataNoseScanner.shproj", "{C43692A3-9F8C-42C9-A327-9F17996B5218}"
EndProject
Global
	GlobalSection(SharedMSBuildProjectFiles) = preSolution
		DataNoseScanner\DataNoseScanner\DataNoseScanner.projitems*{6b4c785c-192c-4139-9195-5436afd7e925}*SharedItemsImports = 4
		DataNoseScanner\DataNoseScanner\DataNoseScanner.projitems*{c43692a3-9f8c-42c9-a327-9f17996b5218}*SharedItemsImports = 13
		DataNoseScanner\DataNoseScanner\DataNoseScanner.projitems*{fc6a82b4-57eb-497b-aef5-9a9c27f4fb75}*SharedItemsImports = 4
	EndGlobalSection
	GlobalSection(SolutionConfigurationPlatforms) = preSolution
		Ad-Hoc|Any CPU = Ad-Hoc|Any CPU
		Ad-Hoc|iPhone = Ad-Hoc|iPhone
		Ad-Hoc|iPhoneSimulator = Ad-Hoc|iPhoneSimulator
		AppStore|Any CPU = AppStore|Any CPU
		AppStore|iPhone = AppStore|iPhone
		AppStore|iPhoneSimulator = AppStore|iPhoneSimulator
		Debug|Any CPU = Debug|Any CPU
		Debug|iPhone = Debug|iPhone
		Debug|iPhoneSimulator = Debug|iPhoneSimulator
		Release|Any CPU = Release|Any CPU
		Release|iPhone = Release|iPhone
		Release|iPhoneSimulator = Release|iPhoneSimulator
	EndGlobalSection
	GlobalSection(ProjectConfigurationPlatforms) = postSolution
		{6B4C785C-192C-4139-9195-5436AFD7E925}.Ad-Hoc|Any CPU.ActiveCfg = Release|Any CPU
		{6B4C785C-192C-4139-9195-5436AFD7E925}.Ad-Hoc|Any CPU.Build.0 = Release|Any CPU
		{6B4C785C-192C-4139-9195-5436AFD7E925}.Ad-Hoc|Any CPU.Deploy.0 = Release|Any CPU
		{6B4C785C-192C-4139-9195-5436AFD7E925}.Ad-Hoc|iPhone.ActiveCfg = Release|Any CPU
		{6B4C785C-192C-4139-9195-5436AFD7E925}.Ad-Hoc|iPhone.Build.0 = Release|Any CPU
		{6B4C785C-192C-4139-9195-5436AFD7E925}.Ad-Hoc|iPhone.Deploy.0 = Release|Any CPU
		{6B4C785C-192C-4139-9195-5436AFD7E925}.Ad-Hoc|iPhoneSimulator.ActiveCfg = Release|Any CPU
		{6B4C785C-192C-4139-9195-5436AFD7E925}.Ad-Hoc|iPhoneSimulator.Build.0 = Release|Any CPU
		{6B4C785C-192C-4139-9195-5436AFD7E925}.Ad-Hoc|iPhoneSimulator.Deploy.0 = Release|Any CPU
		{6B4C785C-192C-4139-9195-5436AFD7E925}.AppStore|Any CPU.ActiveCfg = Release|Any CPU
		{6B4C785C-192C-4139-9195-5436AFD7E925}.AppStore|Any CPU.Build.0 = Release|Any CPU
		{6B4C785C-192C-4139-9195-5436AFD7E925}.AppStore|Any CPU.Deploy.0 = Release|Any CPU
		{6B4C785C-192C-4139-9195-5436AFD7E925}.AppStore|iPhone.ActiveCfg = Release|Any CPU
		{6B4C785C-192C-4139-9195-5436AFD7E925}.AppStore|iPhone.Build.0 = Release|Any CPU
		{6B4C785C-192C-4139-9195-5436AFD7E925}.AppStore|iPhone.Deploy.0 = Release|Any CPU
		{6B4C785C-192C-4139-9195-5436AFD7E925}.AppStore|iPhoneSimulator.ActiveCfg = Release|Any CPU
		{6B4C785C-192C-4139-9195-5436AFD7E925}.AppStore|iPhoneSimulator.Build.0 = Release|Any CPU
		{6B4C785C-192C-4139-9195-5436AFD7E925}.AppStore|iPhoneSimulator.Deploy.0 = Release|Any CPU
		{6B4C785C-192C-4139-9195-5436AFD7E925}.Debug|Any CPU.ActiveCfg = Debug|Any CPU
		{6B4C785C-192C-4139-9195-5436AFD7E925}.Debug|Any CPU.Build.0 = Debug|Any CPU
		{6B4C785C-192C-4139-9195-5436AFD7E925}.Debug|Any CPU.Deploy.0 = Debug|Any CPU
		{6B4C785C-192C-4139-9195-5436AFD7E925}.Debug|iPhone.ActiveCfg = Debug|Any CPU
		{6B4C785C-192C-4139-9195-5436AFD7E925}.Debug|iPhone.Build.0 = Debug|Any CPU
		{6B4C785C-192C-4139-9195-5436AFD7E925}.Debug|iPhone.Deploy.0 = Debug|Any CPU
		{6B4C785C-192C-4139-9195-5436AFD7E925}.Debug|iPhoneSimulator.ActiveCfg = Debug|Any CPU
		{6B4C785C-192C-4139-9195-5436AFD7E925}.Debug|iPhoneSimulator.Build.0 = Debug|Any CPU
		{6B4C785C-192C-4139-9195-5436AFD7E925}.Debug|iPhoneSimulator.Deploy.0 = Debug|Any CPU
		{6B4C785C-192C-4139-9195-5436AFD7E925}.Release|Any CPU.ActiveCfg = Release|Any CPU
		{6B4C785C-192C-4139-9195-5436AFD7E925}.Release|Any CPU.Build.0 = Release|Any CPU
		{6B4C785C-192C-4139-9195-5436AFD7E925}.Release|Any CPU.Deploy.0 = Release|Any CPU
		{6B4C785C-192C-4139-9195-5436AFD7E925}.Release|iPhone.ActiveCfg = Release|Any CPU
		{6B4C785C-192C-4139-9195-5436AFD7E925}.Release|iPhone.Build.0 = Release|Any CPU
		{6B4C785C-192C-4139-9195-5436AFD7E925}.Release|iPhone.Deploy.0 = Release|Any CPU
		{6B4C785C-192C-4139-9195-5436AFD7E925}.Release|iPhoneSimulator.ActiveCfg = Release|Any CPU
		{6B4C785C-192C-4139-9195-5436AFD7E925}.Release|iPhoneSimulator.Build.0 = Release|Any CPU
		{6B4C785C-192C-4139-9195-5436AFD7E925}.Release|iPhoneSimulator.Deploy.0 = Release|Any CPU
		{FC6A82B4-57EB-497B-AEF5-9A9C27F4FB75}.Ad-Hoc|Any CPU.ActiveCfg = Ad-Hoc|iPhone
		{FC6A82B4-57EB-497B-AEF5-9A9C27F4FB75}.Ad-Hoc|Any CPU.Build.0 = Ad-Hoc|iPhone
		{FC6A82B4-57EB-497B-AEF5-9A9C27F4FB75}.Ad-Hoc|Any CPU.Deploy.0 = Ad-Hoc|iPhone
		{FC6A82B4-57EB-497B-AEF5-9A9C27F4FB75}.Ad-Hoc|iPhone.ActiveCfg = Ad-Hoc|iPhone
		{FC6A82B4-57EB-497B-AEF5-9A9C27F4FB75}.Ad-Hoc|iPhone.Build.0 = Ad-Hoc|iPhone
		{FC6A82B4-57EB-497B-AEF5-9A9C27F4FB75}.Ad-Hoc|iPhone.Deploy.0 = Ad-Hoc|iPhone
		{FC6A82B4-57EB-497B-AEF5-9A9C27F4FB75}.Ad-Hoc|iPhoneSimulator.ActiveCfg = Ad-Hoc|iPhoneSimulator
		{FC6A82B4-57EB-497B-AEF5-9A9C27F4FB75}.Ad-Hoc|iPhoneSimulator.Build.0 = Ad-Hoc|iPhoneSimulator
		{FC6A82B4-57EB-497B-AEF5-9A9C27F4FB75}.Ad-Hoc|iPhoneSimulator.Deploy.0 = Ad-Hoc|iPhoneSimulator
		{FC6A82B4-57EB-497B-AEF5-9A9C27F4FB75}.AppStore|Any CPU.ActiveCfg = AppStore|iPhone
		{FC6A82B4-57EB-497B-AEF5-9A9C27F4FB75}.AppStore|Any CPU.Build.0 = AppStore|iPhone
		{FC6A82B4-57EB-497B-AEF5-9A9C27F4FB75}.AppStore|Any CPU.Deploy.0 = AppStore|iPhone
		{FC6A82B4-57EB-497B-AEF5-9A9C27F4FB75}.AppStore|iPhone.ActiveCfg = AppStore|iPhone
		{FC6A82B4-57EB-497B-AEF5-9A9C27F4FB75}.AppStore|iPhone.Build.0 = AppStore|iPhone
		{FC6A82B4-57EB-497B-AEF5-9A9C27F4FB75}.AppStore|iPhone.Deploy.0 = AppStore|iPhone
		{FC6A82B4-57EB-497B-AEF5-9A9C27F4FB75}.AppStore|iPhoneSimulator.ActiveCfg = AppStore|iPhoneSimulator
		{FC6A82B4-57EB-497B-AEF5-9A9C27F4FB75}.AppStore|iPhoneSimulator.Build.0 = AppStore|iPhoneSimulator
		{FC6A82B4-57EB-497B-AEF5-9A9C27F4FB75}.AppStore|iPhoneSimulator.Deploy.0 = AppStore|iPhoneSimulator
		{FC6A82B4-57EB-497B-AEF5-9A9C27F4FB75}.Debug|Any CPU.ActiveCfg = Debug|iPhoneSimulator
		{FC6A82B4-57EB-497B-AEF5-9A9C27F4FB75}.Debug|Any CPU.Build.0 = Debug|iPhoneSimulator
		{FC6A82B4-57EB-497B-AEF5-9A9C27F4FB75}.Debug|Any CPU.Deploy.0 = Debug|iPhoneSimulator
		{FC6A82B4-57EB-497B-AEF5-9A9C27F4FB75}.Debug|iPhone.ActiveCfg = Debug|iPhone
		{FC6A82B4-57EB-497B-AEF5-9A9C27F4FB75}.Debug|iPhone.Build.0 = Debug|iPhone
		{FC6A82B4-57EB-497B-AEF5-9A9C27F4FB75}.Debug|iPhone.Deploy.0 = Debug|iPhone
		{FC6A82B4-57EB-497B-AEF5-9A9C27F4FB75}.Debug|iPhoneSimulator.ActiveCfg = Debug|iPhoneSimulator
		{FC6A82B4-57EB-497B-AEF5-9A9C27F4FB75}.Debug|iPhoneSimulator.Build.0 = Debug|iPhoneSimulator
		{FC6A82B4-57EB-497B-AEF5-9A9C27F4FB75}.Debug|iPhoneSimulator.Deploy.0 = Debug|iPhoneSimulator
		{FC6A82B4-57EB-497B-AEF5-9A9C27F4FB75}.Release|Any CPU.ActiveCfg = Release|iPhone
		{FC6A82B4-57EB-497B-AEF5-9A9C27F4FB75}.Release|Any CPU.Build.0 = Release|iPhone
		{FC6A82B4-57EB-497B-AEF5-9A9C27F4FB75}.Release|Any CPU.Deploy.0 = Release|iPhone
		{FC6A82B4-57EB-497B-AEF5-9A9C27F4FB75}.Release|iPhone.ActiveCfg = Release|iPhone
		{FC6A82B4-57EB-497B-AEF5-9A9C27F4FB75}.Release|iPhone.Build.0 = Release|iPhone
		{FC6A82B4-57EB-497B-AEF5-9A9C27F4FB75}.Release|iPhone.Deploy.0 = Release|iPhone
		{FC6A82B4-57EB-497B-AEF5-9A9C27F4FB75}.Release|iPhoneSimulator.ActiveCfg = Release|iPhoneSimulator
		{FC6A82B4-57EB-497B-AEF5-9A9C27F4FB75}.Release|iPhoneSimulator.Build.0 = Release|iPhoneSimulator
		{FC6A82B4-57EB-497B-AEF5-9A9C27F4FB75}.Release|iPhoneSimulator.Deploy.0 = Release|iPhoneSimulator
	EndGlobalSection
	GlobalSection(SolutionProperties) = preSolution
		HideSolutionNode = FALSE
	EndGlobalSection
	GlobalSection(ExtensibilityGlobals) = postSolution
		SolutionGuid = {D0EF815C-E92A-4DFD-ABA5-CEC79821D800}
	EndGlobalSection
EndGlobal
